
Microsoft Visual Studio Solution File, Format Version 12.00
# Visual Studio Version 16
VisualStudioVersion = 16.0.30611.23
MinimumVisualStudioVersion = 10.0.40219.1
Project("{9A19103F-16F7-4668-BE54-9A1E7A4F7556}") = "NtierWH", "NtierWH1\NtierWH.csproj", "{65550183-26B5-4049-95E6-BA867C42FD3C}"
EndProject
Global
	GlobalSection(SolutionConfigurationPlatforms) = preSolution
		Debug|Any CPU = Debug|Any CPU
		Release|Any CPU = Release|Any CPU
	EndGlobalSection
	GlobalSection(ProjectConfigurationPlatforms) = postSolution
		{65550183-26B5-4049-95E6-BA867C42FD3C}.Debug|Any CPU.ActiveCfg = Debug|Any CPU
		{65550183-26B5-4049-95E6-BA867C42FD3C}.Debug|Any CPU.Build.0 = Debug|Any CPU
		{65550183-26B5-4049-95E6-BA867C42FD3C}.Release|Any CPU.ActiveCfg = Release|Any CPU
		{65550183-26B5-4049-95E6-BA867C42FD3C}.Release|Any CPU.Build.0 = Release|Any CPU
	EndGlobalSection
	GlobalSection(SolutionProperties) = preSolution
		HideSolutionNode = FALSE
	EndGlobalSection
	GlobalSection(ExtensibilityGlobals) = postSolution
		SolutionGuid = {76C54321-9466-4C21-ADE1-F9A490FA776C}
	EndGlobalSection
EndGlobal
